
Microsoft Visual Studio Solution File, Format Version 12.00
# Visual Studio 14
VisualStudioVersion = 14.0.24720.0
MinimumVisualStudioVersion = 10.0.40219.1
Project("{8BC9CEB8-8B4A-11D0-8D11-00A0C91BC942}") = "tacLibrary", "tacLibrary\tacLibrary.vcxproj", "{A3E6A89D-3F2C-4A7F-B685-8942079A653E}"
EndProject
Project("{8BC9CEB8-8B4A-11D0-8D11-00A0C91BC942}") = "tacGraphics", "tacGraphics\tacGraphics.vcxproj", "{75B65E69-7472-41B0-A170-89F0CABEF6DC}"
	ProjectSection(ProjectDependencies) = postProject
		{A3E6A89D-3F2C-4A7F-B685-8942079A653E} = {A3E6A89D-3F2C-4A7F-B685-8942079A653E}
	EndProjectSection
EndProject
Project("{8BC9CEB8-8B4A-11D0-8D11-00A0C91BC942}") = "tacGame", "tacGame\tacGame.vcxproj", "{5FB329B1-0A1E-4F47-B521-211A164F8A3C}"
	ProjectSection(ProjectDependencies) = postProject
		{75B65E69-7472-41B0-A170-89F0CABEF6DC} = {75B65E69-7472-41B0-A170-89F0CABEF6DC}
		{A3E6A89D-3F2C-4A7F-B685-8942079A653E} = {A3E6A89D-3F2C-4A7F-B685-8942079A653E}
		{C0938FA2-C436-457F-B27D-1EEEEC40274C} = {C0938FA2-C436-457F-B27D-1EEEEC40274C}
	EndProjectSection
EndProject
Project("{8BC9CEB8-8B4A-11D0-8D11-00A0C91BC942}") = "tacModelConverter", "tacModelConverter\tacModelConverter.vcxproj", "{E4945516-11B1-43E0-8467-AA8EEA5B3988}"
	ProjectSection(ProjectDependencies) = postProject
		{75B65E69-7472-41B0-A170-89F0CABEF6DC} = {75B65E69-7472-41B0-A170-89F0CABEF6DC}
		{A3E6A89D-3F2C-4A7F-B685-8942079A653E} = {A3E6A89D-3F2C-4A7F-B685-8942079A653E}
		{C0938FA2-C436-457F-B27D-1EEEEC40274C} = {C0938FA2-C436-457F-B27D-1EEEEC40274C}
	EndProjectSection
EndProject
Project("{8BC9CEB8-8B4A-11D0-8D11-00A0C91BC942}") = "tacWin32", "tacMainWin32\ModelConverter\ModelConverter.vcxproj", "{16FADB04-C828-4B69-92BC-A3A910DFF662}"
	ProjectSection(ProjectDependencies) = postProject
		{E4945516-11B1-43E0-8467-AA8EEA5B3988} = {E4945516-11B1-43E0-8467-AA8EEA5B3988}
		{60E43466-3A4A-4DC1-B123-25B195A91A6C} = {60E43466-3A4A-4DC1-B123-25B195A91A6C}
		{75B65E69-7472-41B0-A170-89F0CABEF6DC} = {75B65E69-7472-41B0-A170-89F0CABEF6DC}
		{A3E6A89D-3F2C-4A7F-B685-8942079A653E} = {A3E6A89D-3F2C-4A7F-B685-8942079A653E}
		{C0938FA2-C436-457F-B27D-1EEEEC40274C} = {C0938FA2-C436-457F-B27D-1EEEEC40274C}
		{5FB329B1-0A1E-4F47-B521-211A164F8A3C} = {5FB329B1-0A1E-4F47-B521-211A164F8A3C}
	EndProjectSection
EndProject
Project("{8BC9CEB8-8B4A-11D0-8D11-00A0C91BC942}") = "tacPhysics", "tacPhysics\tacPhysics.vcxproj", "{C0938FA2-C436-457F-B27D-1EEEEC40274C}"
	ProjectSection(ProjectDependencies) = postProject
		{A3E6A89D-3F2C-4A7F-B685-8942079A653E} = {A3E6A89D-3F2C-4A7F-B685-8942079A653E}
	EndProjectSection
EndProject
Project("{8BC9CEB8-8B4A-11D0-8D11-00A0C91BC942}") = "tacDemo", "tacDemo\tacDemo.vcxproj", "{60E43466-3A4A-4DC1-B123-25B195A91A6C}"
	ProjectSection(ProjectDependencies) = postProject
		{75B65E69-7472-41B0-A170-89F0CABEF6DC} = {75B65E69-7472-41B0-A170-89F0CABEF6DC}
		{A3E6A89D-3F2C-4A7F-B685-8942079A653E} = {A3E6A89D-3F2C-4A7F-B685-8942079A653E}
		{C0938FA2-C436-457F-B27D-1EEEEC40274C} = {C0938FA2-C436-457F-B27D-1EEEEC40274C}
	EndProjectSection
EndProject
Global
	GlobalSection(SolutionConfigurationPlatforms) = preSolution
		Debug|Win32 = Debug|Win32
		Release|Win32 = Release|Win32
	EndGlobalSection
	GlobalSection(ProjectConfigurationPlatforms) = postSolution
		{A3E6A89D-3F2C-4A7F-B685-8942079A653E}.Debug|Win32.ActiveCfg = Debug|Win32
		{A3E6A89D-3F2C-4A7F-B685-8942079A653E}.Debug|Win32.Build.0 = Debug|Win32
		{A3E6A89D-3F2C-4A7F-B685-8942079A653E}.Release|Win32.ActiveCfg = Release|Win32
		{A3E6A89D-3F2C-4A7F-B685-8942079A653E}.Release|Win32.Build.0 = Release|Win32
		{75B65E69-7472-41B0-A170-89F0CABEF6DC}.Debug|Win32.ActiveCfg = Debug|Win32
		{75B65E69-7472-41B0-A170-89F0CABEF6DC}.Debug|Win32.Build.0 = Debug|Win32
		{75B65E69-7472-41B0-A170-89F0CABEF6DC}.Release|Win32.ActiveCfg = Release|Win32
		{75B65E69-7472-41B0-A170-89F0CABEF6DC}.Release|Win32.Build.0 = Release|Win32
		{5FB329B1-0A1E-4F47-B521-211A164F8A3C}.Debug|Win32.ActiveCfg = Debug|Win32
		{5FB329B1-0A1E-4F47-B521-211A164F8A3C}.Debug|Win32.Build.0 = Debug|Win32
		{5FB329B1-0A1E-4F47-B521-211A164F8A3C}.Release|Win32.ActiveCfg = Release|Win32
		{5FB329B1-0A1E-4F47-B521-211A164F8A3C}.Release|Win32.Build.0 = Release|Win32
		{E4945516-11B1-43E0-8467-AA8EEA5B3988}.Debug|Win32.ActiveCfg = Debug|Win32
		{E4945516-11B1-43E0-8467-AA8EEA5B3988}.Debug|Win32.Build.0 = Debug|Win32
		{E4945516-11B1-43E0-8467-AA8EEA5B3988}.Release|Win32.ActiveCfg = Release|Win32
		{E4945516-11B1-43E0-8467-AA8EEA5B3988}.Release|Win32.Build.0 = Release|Win32
		{16FADB04-C828-4B69-92BC-A3A910DFF662}.Debug|Win32.ActiveCfg = Debug|Win32
		{16FADB04-C828-4B69-92BC-A3A910DFF662}.Debug|Win32.Build.0 = Debug|Win32
		{16FADB04-C828-4B69-92BC-A3A910DFF662}.Release|Win32.ActiveCfg = Release|Win32
		{16FADB04-C828-4B69-92BC-A3A910DFF662}.Release|Win32.Build.0 = Release|Win32
		{C0938FA2-C436-457F-B27D-1EEEEC40274C}.Debug|Win32.ActiveCfg = Debug|Win32
		{C0938FA2-C436-457F-B27D-1EEEEC40274C}.Debug|Win32.Build.0 = Debug|Win32
		{C0938FA2-C436-457F-B27D-1EEEEC40274C}.Release|Win32.ActiveCfg = Release|Win32
		{C0938FA2-C436-457F-B27D-1EEEEC40274C}.Release|Win32.Build.0 = Release|Win32
		{60E43466-3A4A-4DC1-B123-25B195A91A6C}.Debug|Win32.ActiveCfg = Debug|Win32
		{60E43466-3A4A-4DC1-B123-25B195A91A6C}.Debug|Win32.Build.0 = Debug|Win32
		{60E43466-3A4A-4DC1-B123-25B195A91A6C}.Release|Win32.ActiveCfg = Release|Win32
		{60E43466-3A4A-4DC1-B123-25B195A91A6C}.Release|Win32.Build.0 = Release|Win32
	EndGlobalSection
	GlobalSection(SolutionProperties) = preSolution
		HideSolutionNode = FALSE
	EndGlobalSection
EndGlobal
